
Microsoft Visual Studio Solution File, Format Version 12.00
# Visual Studio 15
VisualStudioVersion = 15.0.27130.2020
MinimumVisualStudioVersion = 10.0.40219.1
Project("{FAE04EC0-301F-11D3-BF4B-00C04F79EFBC}") = "MyWebService", "MyWebService\MyWebService.csproj", "{0EF8B13C-4670-4BD5-9CAB-37F944E7E73E}"
EndProject
Global
	GlobalSection(SolutionConfigurationPlatforms) = preSolution
		Debug|Any CPU = Debug|Any CPU
		Release|Any CPU = Release|Any CPU
	EndGlobalSection
	GlobalSection(ProjectConfigurationPlatforms) = postSolution
		{0EF8B13C-4670-4BD5-9CAB-37F944E7E73E}.Debug|Any CPU.ActiveCfg = Debug|Any CPU
		{0EF8B13C-4670-4BD5-9CAB-37F944E7E73E}.Debug|Any CPU.Build.0 = Debug|Any CPU
		{0EF8B13C-4670-4BD5-9CAB-37F944E7E73E}.Release|Any CPU.ActiveCfg = Release|Any CPU
		{0EF8B13C-4670-4BD5-9CAB-37F944E7E73E}.Release|Any CPU.Build.0 = Release|Any CPU
	EndGlobalSection
	GlobalSection(SolutionProperties) = preSolution
		HideSolutionNode = FALSE
	EndGlobalSection
	GlobalSection(ExtensibilityGlobals) = postSolution
		SolutionGuid = {47E8A5D7-2556-4F8C-81FD-1A9FF6B8446C}
	EndGlobalSection
EndGlobal
